// !$*UTF8*$!
{
	archiveVersion = 1;
	classes = {
	};
	objectVersion = 48;
	objects = {

/* Begin PBXBuildFile section */
		339A224C205081CE00C099FA /* FavoritesViewController.swift in Sources */ = {isa = PBXBuildFile; fileRef = 339A224B205081CE00C099FA /* FavoritesViewController.swift */; };
		339A224E205081DD00C099FA /* SettingsViewController.swift in Sources */ = {isa = PBXBuildFile; fileRef = 339A224D205081DD00C099FA /* SettingsViewController.swift */; };
		B10E20BA2054AF88005E37BE /* BarInfoCheersApp.txt in Resources */ = {isa = PBXBuildFile; fileRef = B10E20B92054AF88005E37BE /* BarInfoCheersApp.txt */; };
		B1C20A5F2051E9ED00ECB998 /* BarTableViewCell.swift in Sources */ = {isa = PBXBuildFile; fileRef = B1C20A5E2051E9ED00ECB998 /* BarTableViewCell.swift */; };
		B1C20A612051EF6500ECB998 /* shout.jpg in Resources */ = {isa = PBXBuildFile; fileRef = B1C20A602051EF6500ECB998 /* shout.jpg */; };
		BEA1B461204F34AF00136463 /* AppDelegate.swift in Sources */ = {isa = PBXBuildFile; fileRef = BEA1B460204F34AF00136463 /* AppDelegate.swift */; };
		BEA1B463204F34AF00136463 /* ListViewController.swift in Sources */ = {isa = PBXBuildFile; fileRef = BEA1B462204F34AF00136463 /* ListViewController.swift */; };
		BEA1B465204F34AF00136463 /* MapViewController.swift in Sources */ = {isa = PBXBuildFile; fileRef = BEA1B464204F34AF00136463 /* MapViewController.swift */; };
		BEA1B468204F34AF00136463 /* Main.storyboard in Resources */ = {isa = PBXBuildFile; fileRef = BEA1B466204F34AF00136463 /* Main.storyboard */; };
		BEA1B46A204F34AF00136463 /* Assets.xcassets in Resources */ = {isa = PBXBuildFile; fileRef = BEA1B469204F34AF00136463 /* Assets.xcassets */; };
		BEA1B46D204F34AF00136463 /* LaunchScreen.storyboard in Resources */ = {isa = PBXBuildFile; fileRef = BEA1B46B204F34AF00136463 /* LaunchScreen.storyboard */; };
		BEA1B478204F34B000136463 /* CheersTests.swift in Sources */ = {isa = PBXBuildFile; fileRef = BEA1B477204F34B000136463 /* CheersTests.swift */; };
		BEA1B483204F34B000136463 /* CheersUITests.swift in Sources */ = {isa = PBXBuildFile; fileRef = BEA1B482204F34B000136463 /* CheersUITests.swift */; };
		BEC473AD20510B7C00FC5702 /* Place.swift in Sources */ = {isa = PBXBuildFile; fileRef = BEC473AC20510B7C00FC5702 /* Place.swift */; };
/* End PBXBuildFile section */

/* Begin PBXContainerItemProxy section */
		BEA1B474204F34AF00136463 /* PBXContainerItemProxy */ = {
			isa = PBXContainerItemProxy;
			containerPortal = BEA1B455204F34AF00136463 /* Project object */;
			proxyType = 1;
			remoteGlobalIDString = BEA1B45C204F34AF00136463;
			remoteInfo = Cheers;
		};
		BEA1B47F204F34B000136463 /* PBXContainerItemProxy */ = {
			isa = PBXContainerItemProxy;
			containerPortal = BEA1B455204F34AF00136463 /* Project object */;
			proxyType = 1;
			remoteGlobalIDString = BEA1B45C204F34AF00136463;
			remoteInfo = Cheers;
		};
/* End PBXContainerItemProxy section */

/* Begin PBXFileReference section */
		339A224B205081CE00C099FA /* FavoritesViewController.swift */ = {isa = PBXFileReference; lastKnownFileType = sourcecode.swift; path = FavoritesViewController.swift; sourceTree = "<group>"; };
		339A224D205081DD00C099FA /* SettingsViewController.swift */ = {isa = PBXFileReference; lastKnownFileType = sourcecode.swift; path = SettingsViewController.swift; sourceTree = "<group>"; };
		B10E20B92054AF88005E37BE /* BarInfoCheersApp.txt */ = {isa = PBXFileReference; fileEncoding = 4; lastKnownFileType = text; path = BarInfoCheersApp.txt; sourceTree = "<group>"; };
		B1C20A5E2051E9ED00ECB998 /* BarTableViewCell.swift */ = {isa = PBXFileReference; lastKnownFileType = sourcecode.swift; path = BarTableViewCell.swift; sourceTree = "<group>"; };
		B1C20A602051EF6500ECB998 /* shout.jpg */ = {isa = PBXFileReference; lastKnownFileType = image.jpeg; path = shout.jpg; sourceTree = "<group>"; };
		BEA1B45D204F34AF00136463 /* Cheers.app */ = {isa = PBXFileReference; explicitFileType = wrapper.application; includeInIndex = 0; path = Cheers.app; sourceTree = BUILT_PRODUCTS_DIR; };
		BEA1B460204F34AF00136463 /* AppDelegate.swift */ = {isa = PBXFileReference; lastKnownFileType = sourcecode.swift; path = AppDelegate.swift; sourceTree = "<group>"; };
		BEA1B462204F34AF00136463 /* ListViewController.swift */ = {isa = PBXFileReference; lastKnownFileType = sourcecode.swift; path = ListViewController.swift; sourceTree = "<group>"; };
		BEA1B464204F34AF00136463 /* MapViewController.swift */ = {isa = PBXFileReference; lastKnownFileType = sourcecode.swift; path = MapViewController.swift; sourceTree = "<group>"; };
		BEA1B467204F34AF00136463 /* Base */ = {isa = PBXFileReference; lastKnownFileType = file.storyboard; name = Base; path = Base.lproj/Main.storyboard; sourceTree = "<group>"; };
		BEA1B469204F34AF00136463 /* Assets.xcassets */ = {isa = PBXFileReference; lastKnownFileType = folder.assetcatalog; path = Assets.xcassets; sourceTree = "<group>"; };
		BEA1B46C204F34AF00136463 /* Base */ = {isa = PBXFileReference; lastKnownFileType = file.storyboard; name = Base; path = Base.lproj/LaunchScreen.storyboard; sourceTree = "<group>"; };
		BEA1B46E204F34AF00136463 /* Info.plist */ = {isa = PBXFileReference; lastKnownFileType = text.plist.xml; path = Info.plist; sourceTree = "<group>"; };
		BEA1B473204F34AF00136463 /* CheersTests.xctest */ = {isa = PBXFileReference; explicitFileType = wrapper.cfbundle; includeInIndex = 0; path = CheersTests.xctest; sourceTree = BUILT_PRODUCTS_DIR; };
		BEA1B477204F34B000136463 /* CheersTests.swift */ = {isa = PBXFileReference; lastKnownFileType = sourcecode.swift; path = CheersTests.swift; sourceTree = "<group>"; };
		BEA1B479204F34B000136463 /* Info.plist */ = {isa = PBXFileReference; lastKnownFileType = text.plist.xml; path = Info.plist; sourceTree = "<group>"; };
		BEA1B47E204F34B000136463 /* CheersUITests.xctest */ = {isa = PBXFileReference; explicitFileType = wrapper.cfbundle; includeInIndex = 0; path = CheersUITests.xctest; sourceTree = BUILT_PRODUCTS_DIR; };
		BEA1B482204F34B000136463 /* CheersUITests.swift */ = {isa = PBXFileReference; lastKnownFileType = sourcecode.swift; path = CheersUITests.swift; sourceTree = "<group>"; };
		BEA1B484204F34B000136463 /* Info.plist */ = {isa = PBXFileReference; lastKnownFileType = text.plist.xml; path = Info.plist; sourceTree = "<group>"; };
		BEC473AC20510B7C00FC5702 /* Place.swift */ = {isa = PBXFileReference; lastKnownFileType = sourcecode.swift; path = Place.swift; sourceTree = "<group>"; };
/* End PBXFileReference section */

/* Begin PBXFrameworksBuildPhase section */
		BEA1B45A204F34AF00136463 /* Frameworks */ = {
			isa = PBXFrameworksBuildPhase;
			buildActionMask = 2147483647;
			files = (
			);
			runOnlyForDeploymentPostprocessing = 0;
		};
		BEA1B470204F34AF00136463 /* Frameworks */ = {
			isa = PBXFrameworksBuildPhase;
			buildActionMask = 2147483647;
			files = (
			);
			runOnlyForDeploymentPostprocessing = 0;
		};
		BEA1B47B204F34B000136463 /* Frameworks */ = {
			isa = PBXFrameworksBuildPhase;
			buildActionMask = 2147483647;
			files = (
			);
			runOnlyForDeploymentPostprocessing = 0;
		};
/* End PBXFrameworksBuildPhase section */

/* Begin PBXGroup section */
		B1C20A572051E3F700ECB998 /* Controller */ = {
			isa = PBXGroup;
			children = (
				BEA1B460204F34AF00136463 /* AppDelegate.swift */,
				BEA1B462204F34AF00136463 /* ListViewController.swift */,
				BEA1B464204F34AF00136463 /* MapViewController.swift */,
				339A224B205081CE00C099FA /* FavoritesViewController.swift */,
				339A224D205081DD00C099FA /* SettingsViewController.swift */,
				B1C20A5E2051E9ED00ECB998 /* BarTableViewCell.swift */,
			);
			path = Controller;
			sourceTree = "<group>";
		};
		B1C20A582051E3FB00ECB998 /* View */ = {
			isa = PBXGroup;
			children = (
				BEA1B466204F34AF00136463 /* Main.storyboard */,
				BEA1B46B204F34AF00136463 /* LaunchScreen.storyboard */,
			);
			path = View;
			sourceTree = "<group>";
		};
		B1C20A592051E3FE00ECB998 /* Model */ = {
			isa = PBXGroup;
			children = (
				BEC473AC20510B7C00FC5702 /* Place.swift */,
			);
			path = Model;
			sourceTree = "<group>";
		};
		BEA1B454204F34AF00136463 = {
			isa = PBXGroup;
			children = (
				BEA1B45F204F34AF00136463 /* Cheers */,
				BEA1B476204F34AF00136463 /* CheersTests */,
				BEA1B481204F34B000136463 /* CheersUITests */,
				BEA1B45E204F34AF00136463 /* Products */,
			);
			sourceTree = "<group>";
		};
		BEA1B45E204F34AF00136463 /* Products */ = {
			isa = PBXGroup;
			children = (
				BEA1B45D204F34AF00136463 /* Cheers.app */,
				BEA1B473204F34AF00136463 /* CheersTests.xctest */,
				BEA1B47E204F34B000136463 /* CheersUITests.xctest */,
			);
			name = Products;
			sourceTree = "<group>";
		};
		BEA1B45F204F34AF00136463 /* Cheers */ = {
			isa = PBXGroup;
			children = (
				B1C20A592051E3FE00ECB998 /* Model */,
				B1C20A582051E3FB00ECB998 /* View */,
				B1C20A572051E3F700ECB998 /* Controller */,
				BEA1B469204F34AF00136463 /* Assets.xcassets */,
				B10E20B92054AF88005E37BE /* BarInfoCheersApp.txt */,
				B1C20A602051EF6500ECB998 /* shout.jpg */,
				BEA1B46E204F34AF00136463 /* Info.plist */,
			);
			path = Cheers;
			sourceTree = "<group>";
		};
		BEA1B476204F34AF00136463 /* CheersTests */ = {
			isa = PBXGroup;
			children = (
				BEA1B477204F34B000136463 /* CheersTests.swift */,
				BEA1B479204F34B000136463 /* Info.plist */,
			);
			path = CheersTests;
			sourceTree = "<group>";
		};
		BEA1B481204F34B000136463 /* CheersUITests */ = {
			isa = PBXGroup;
			children = (
				BEA1B482204F34B000136463 /* CheersUITests.swift */,
				BEA1B484204F34B000136463 /* Info.plist */,
			);
			path = CheersUITests;
			sourceTree = "<group>";
		};
/* End PBXGroup section */

/* Begin PBXNativeTarget section */
		BEA1B45C204F34AF00136463 /* Cheers */ = {
			isa = PBXNativeTarget;
			buildConfigurationList = BEA1B487204F34B000136463 /* Build configuration list for PBXNativeTarget "Cheers" */;
			buildPhases = (
				BEA1B459204F34AF00136463 /* Sources */,
				BEA1B45A204F34AF00136463 /* Frameworks */,
				BEA1B45B204F34AF00136463 /* Resources */,
			);
			buildRules = (
			);
			dependencies = (
			);
			name = Cheers;
			productName = Cheers;
			productReference = BEA1B45D204F34AF00136463 /* Cheers.app */;
			productType = "com.apple.product-type.application";
		};
		BEA1B472204F34AF00136463 /* CheersTests */ = {
			isa = PBXNativeTarget;
			buildConfigurationList = BEA1B48A204F34B000136463 /* Build configuration list for PBXNativeTarget "CheersTests" */;
			buildPhases = (
				BEA1B46F204F34AF00136463 /* Sources */,
				BEA1B470204F34AF00136463 /* Frameworks */,
				BEA1B471204F34AF00136463 /* Resources */,
			);
			buildRules = (
			);
			dependencies = (
				BEA1B475204F34AF00136463 /* PBXTargetDependency */,
			);
			name = CheersTests;
			productName = CheersTests;
			productReference = BEA1B473204F34AF00136463 /* CheersTests.xctest */;
			productType = "com.apple.product-type.bundle.unit-test";
		};
		BEA1B47D204F34B000136463 /* CheersUITests */ = {
			isa = PBXNativeTarget;
			buildConfigurationList = BEA1B48D204F34B000136463 /* Build configuration list for PBXNativeTarget "CheersUITests" */;
			buildPhases = (
				BEA1B47A204F34B000136463 /* Sources */,
				BEA1B47B204F34B000136463 /* Frameworks */,
				BEA1B47C204F34B000136463 /* Resources */,
			);
			buildRules = (
			);
			dependencies = (
				BEA1B480204F34B000136463 /* PBXTargetDependency */,
			);
			name = CheersUITests;
			productName = CheersUITests;
			productReference = BEA1B47E204F34B000136463 /* CheersUITests.xctest */;
			productType = "com.apple.product-type.bundle.ui-testing";
		};
/* End PBXNativeTarget section */

/* Begin PBXProject section */
		BEA1B455204F34AF00136463 /* Project object */ = {
			isa = PBXProject;
			attributes = {
				LastSwiftUpdateCheck = 0920;
				LastUpgradeCheck = 0920;
				ORGANIZATIONNAME = "University of San Diego";
				TargetAttributes = {
					BEA1B45C204F34AF00136463 = {
						CreatedOnToolsVersion = 9.2;
						ProvisioningStyle = Automatic;
					};
					BEA1B472204F34AF00136463 = {
						CreatedOnToolsVersion = 9.2;
						ProvisioningStyle = Automatic;
						TestTargetID = BEA1B45C204F34AF00136463;
					};
					BEA1B47D204F34B000136463 = {
						CreatedOnToolsVersion = 9.2;
						ProvisioningStyle = Automatic;
						TestTargetID = BEA1B45C204F34AF00136463;
					};
				};
			};
			buildConfigurationList = BEA1B458204F34AF00136463 /* Build configuration list for PBXProject "Cheers" */;
			compatibilityVersion = "Xcode 8.0";
			developmentRegion = en;
			hasScannedForEncodings = 0;
			knownRegions = (
				en,
				Base,
			);
			mainGroup = BEA1B454204F34AF00136463;
			productRefGroup = BEA1B45E204F34AF00136463 /* Products */;
			projectDirPath = "";
			projectRoot = "";
			targets = (
				BEA1B45C204F34AF00136463 /* Cheers */,
				BEA1B472204F34AF00136463 /* CheersTests */,
				BEA1B47D204F34B000136463 /* CheersUITests */,
			);
		};
/* End PBXProject section */

/* Begin PBXResourcesBuildPhase section */
		BEA1B45B204F34AF00136463 /* Resources */ = {
			isa = PBXResourcesBuildPhase;
			buildActionMask = 2147483647;
			files = (
				BEA1B46D204F34AF00136463 /* LaunchScreen.storyboard in Resources */,
				B10E20BA2054AF88005E37BE /* BarInfoCheersApp.txt in Resources */,
				BEA1B46A204F34AF00136463 /* Assets.xcassets in Resources */,
				BEA1B468204F34AF00136463 /* Main.storyboard in Resources */,
				B1C20A612051EF6500ECB998 /* shout.jpg in Resources */,
			);
			runOnlyForDeploymentPostprocessing = 0;
		};
		BEA1B471204F34AF00136463 /* Resources */ = {
			isa = PBXResourcesBuildPhase;
			buildActionMask = 2147483647;
			files = (
			);
			runOnlyForDeploymentPostprocessing = 0;
		};
		BEA1B47C204F34B000136463 /* Resources */ = {
			isa = PBXResourcesBuildPhase;
			buildActionMask = 2147483647;
			files = (
			);
			runOnlyForDeploymentPostprocessing = 0;
		};
/* End PBXResourcesBuildPhase section */

/* Begin PBXSourcesBuildPhase section */
		BEA1B459204F34AF00136463 /* Sources */ = {
			isa = PBXSourcesBuildPhase;
			buildActionMask = 2147483647;
			files = (
				BEA1B465204F34AF00136463 /* MapViewController.swift in Sources */,
				BEA1B461204F34AF00136463 /* AppDelegate.swift in Sources */,
				339A224C205081CE00C099FA /* FavoritesViewController.swift in Sources */,
				BEC473AD20510B7C00FC5702 /* Place.swift in Sources */,
				B1C20A5F2051E9ED00ECB998 /* BarTableViewCell.swift in Sources */,
				339A224E205081DD00C099FA /* SettingsViewController.swift in Sources */,
				BEA1B463204F34AF00136463 /* ListViewController.swift in Sources */,
			);
			runOnlyForDeploymentPostprocessing = 0;
		};
		BEA1B46F204F34AF00136463 /* Sources */ = {
			isa = PBXSourcesBuildPhase;
			buildActionMask = 2147483647;
			files = (
				BEA1B478204F34B000136463 /* CheersTests.swift in Sources */,
			);
			runOnlyForDeploymentPostprocessing = 0;
		};
		BEA1B47A204F34B000136463 /* Sources */ = {
			isa = PBXSourcesBuildPhase;
			buildActionMask = 2147483647;
			files = (
				BEA1B483204F34B000136463 /* CheersUITests.swift in Sources */,
			);
			runOnlyForDeploymentPostprocessing = 0;
		};
/* End PBXSourcesBuildPhase section */

/* Begin PBXTargetDependency section */
		BEA1B475204F34AF00136463 /* PBXTargetDependency */ = {
			isa = PBXTargetDependency;
			target = BEA1B45C204F34AF00136463 /* Cheers */;
			targetProxy = BEA1B474204F34AF00136463 /* PBXContainerItemProxy */;
		};
		BEA1B480204F34B000136463 /* PBXTargetDependency */ = {
			isa = PBXTargetDependency;
			target = BEA1B45C204F34AF00136463 /* Cheers */;
			targetProxy = BEA1B47F204F34B000136463 /* PBXContainerItemProxy */;
		};
/* End PBXTargetDependency section */

/* Begin PBXVariantGroup section */
		BEA1B466204F34AF00136463 /* Main.storyboard */ = {
			isa = PBXVariantGroup;
			children = (
				BEA1B467204F34AF00136463 /* Base */,
			);
			name = Main.storyboard;
			sourceTree = "<group>";
		};
		BEA1B46B204F34AF00136463 /* LaunchScreen.storyboard */ = {
			isa = PBXVariantGroup;
			children = (
				BEA1B46C204F34AF00136463 /* Base */,
			);
			name = LaunchScreen.storyboard;
			sourceTree = "<group>";
		};
/* End PBXVariantGroup section */

/* Begin XCBuildConfiguration section */
		BEA1B485204F34B000136463 /* Debug */ = {
			isa = XCBuildConfiguration;
			buildSettings = {
				ALWAYS_SEARCH_USER_PATHS = NO;
				CLANG_ANALYZER_NONNULL = YES;
				CLANG_ANALYZER_NUMBER_OBJECT_CONVERSION = YES_AGGRESSIVE;
				CLANG_CXX_LANGUAGE_STANDARD = "gnu++14";
				CLANG_CXX_LIBRARY = "libc++";
				CLANG_ENABLE_MODULES = YES;
				CLANG_ENABLE_OBJC_ARC = YES;
				CLANG_WARN_BLOCK_CAPTURE_AUTORELEASING = YES;
				CLANG_WARN_BOOL_CONVERSION = YES;
				CLANG_WARN_COMMA = YES;
				CLANG_WARN_CONSTANT_CONVERSION = YES;
				CLANG_WARN_DIRECT_OBJC_ISA_USAGE = YES_ERROR;
				CLANG_WARN_DOCUMENTATION_COMMENTS = YES;
				CLANG_WARN_EMPTY_BODY = YES;
				CLANG_WARN_ENUM_CONVERSION = YES;
				CLANG_WARN_INFINITE_RECURSION = YES;
				CLANG_WARN_INT_CONVERSION = YES;
				CLANG_WARN_NON_LITERAL_NULL_CONVERSION = YES;
				CLANG_WARN_OBJC_LITERAL_CONVERSION = YES;
				CLANG_WARN_OBJC_ROOT_CLASS = YES_ERROR;
				CLANG_WARN_RANGE_LOOP_ANALYSIS = YES;
				CLANG_WARN_STRICT_PROTOTYPES = YES;
				CLANG_WARN_SUSPICIOUS_MOVE = YES;
				CLANG_WARN_UNGUARDED_AVAILABILITY = YES_AGGRESSIVE;
				CLANG_WARN_UNREACHABLE_CODE = YES;
				CLANG_WARN__DUPLICATE_METHOD_MATCH = YES;
				CODE_SIGN_IDENTITY = "iPhone Developer";
				COPY_PHASE_STRIP = NO;
				DEBUG_INFORMATION_FORMAT = dwarf;
				ENABLE_STRICT_OBJC_MSGSEND = YES;
				ENABLE_TESTABILITY = YES;
				GCC_C_LANGUAGE_STANDARD = gnu11;
				GCC_DYNAMIC_NO_PIC = NO;
				GCC_NO_COMMON_BLOCKS = YES;
				GCC_OPTIMIZATION_LEVEL = 0;
				GCC_PREPROCESSOR_DEFINITIONS = (
					"DEBUG=1",
					"$(inherited)",
				);
				GCC_WARN_64_TO_32_BIT_CONVERSION = YES;
				GCC_WARN_ABOUT_RETURN_TYPE = YES_ERROR;
				GCC_WARN_UNDECLARED_SELECTOR = YES;
				GCC_WARN_UNINITIALIZED_AUTOS = YES_AGGRESSIVE;
				GCC_WARN_UNUSED_FUNCTION = YES;
				GCC_WARN_UNUSED_VARIABLE = YES;
				IPHONEOS_DEPLOYMENT_TARGET = 11.2;
				MTL_ENABLE_DEBUG_INFO = YES;
				ONLY_ACTIVE_ARCH = YES;
				SDKROOT = iphoneos;
				SWIFT_ACTIVE_COMPILATION_CONDITIONS = DEBUG;
				SWIFT_OPTIMIZATION_LEVEL = "-Onone";
			};
			name = Debug;
		};
		BEA1B486204F34B000136463 /* Release */ = {
			isa = XCBuildConfiguration;
			buildSettings = {
				ALWAYS_SEARCH_USER_PATHS = NO;
				CLANG_ANALYZER_NONNULL = YES;
				CLANG_ANALYZER_NUMBER_OBJECT_CONVERSION = YES_AGGRESSIVE;
				CLANG_CXX_LANGUAGE_STANDARD = "gnu++14";
				CLANG_CXX_LIBRARY = "libc++";
				CLANG_ENABLE_MODULES = YES;
				CLANG_ENABLE_OBJC_ARC = YES;
				CLANG_WARN_BLOCK_CAPTURE_AUTORELEASING = YES;
				CLANG_WARN_BOOL_CONVERSION = YES;
				CLANG_WARN_COMMA = YES;
				CLANG_WARN_CONSTANT_CONVERSION = YES;
				CLANG_WARN_DIRECT_OBJC_ISA_USAGE = YES_ERROR;
				CLANG_WARN_DOCUMENTATION_COMMENTS = YES;
				CLANG_WARN_EMPTY_BODY = YES;
				CLANG_WARN_ENUM_CONVERSION = YES;
				CLANG_WARN_INFINITE_RECURSION = YES;
				CLANG_WARN_INT_CONVERSION = YES;
				CLANG_WARN_NON_LITERAL_NULL_CONVERSION = YES;
				CLANG_WARN_OBJC_LITERAL_CONVERSION = YES;
				CLANG_WARN_OBJC_ROOT_CLASS = YES_ERROR;
				CLANG_WARN_RANGE_LOOP_ANALYSIS = YES;
				CLANG_WARN_STRICT_PROTOTYPES = YES;
				CLANG_WARN_SUSPICIOUS_MOVE = YES;
				CLANG_WARN_UNGUARDED_AVAILABILITY = YES_AGGRESSIVE;
				CLANG_WARN_UNREACHABLE_CODE = YES;
				CLANG_WARN__DUPLICATE_METHOD_MATCH = YES;
				CODE_SIGN_IDENTITY = "iPhone Developer";
				COPY_PHASE_STRIP = NO;
				DEBUG_INFORMATION_FORMAT = "dwarf-with-dsym";
				ENABLE_NS_ASSERTIONS = NO;
				ENABLE_STRICT_OBJC_MSGSEND = YES;
				GCC_C_LANGUAGE_STANDARD = gnu11;
				GCC_NO_COMMON_BLOCKS = YES;
				GCC_WARN_64_TO_32_BIT_CONVERSION = YES;
				GCC_WARN_ABOUT_RETURN_TYPE = YES_ERROR;
				GCC_WARN_UNDECLARED_SELECTOR = YES;
				GCC_WARN_UNINITIALIZED_AUTOS = YES_AGGRESSIVE;
				GCC_WARN_UNUSED_FUNCTION = YES;
				GCC_WARN_UNUSED_VARIABLE = YES;
				IPHONEOS_DEPLOYMENT_TARGET = 11.2;
				MTL_ENABLE_DEBUG_INFO = NO;
				SDKROOT = iphoneos;
				SWIFT_OPTIMIZATION_LEVEL = "-Owholemodule";
				VALIDATE_PRODUCT = YES;
			};
			name = Release;
		};
		BEA1B488204F34B000136463 /* Debug */ = {
			isa = XCBuildConfiguration;
			buildSettings = {
				ASSETCATALOG_COMPILER_APPICON_NAME = AppIcon;
				"CODE_SIGN_IDENTITY[sdk=iphoneos*]" = "iPhone Developer";
				CODE_SIGN_STYLE = Automatic;
				DEVELOPMENT_TEAM = NKB7H7KVZ8;
				INFOPLIST_FILE = Cheers/Info.plist;
				LD_RUNPATH_SEARCH_PATHS = "$(inherited) @executable_path/Frameworks";
				PRODUCT_BUNDLE_IDENTIFIER = edu.sandiego.comp495.Cheers;
				PRODUCT_NAME = "$(TARGET_NAME)";
				PROVISIONING_PROFILE_SPECIFIER = "";
				SWIFT_VERSION = 4.0;
				TARGETED_DEVICE_FAMILY = "1,2";
			};
			name = Debug;
		};
		BEA1B489204F34B000136463 /* Release */ = {
			isa = XCBuildConfiguration;
			buildSettings = {
				ASSETCATALOG_COMPILER_APPICON_NAME = AppIcon;
				"CODE_SIGN_IDENTITY[sdk=iphoneos*]" = "iPhone Developer";
				CODE_SIGN_STYLE = Automatic;
				DEVELOPMENT_TEAM = NKB7H7KVZ8;
				INFOPLIST_FILE = Cheers/Info.plist;
				LD_RUNPATH_SEARCH_PATHS = "$(inherited) @executable_path/Frameworks";
				PRODUCT_BUNDLE_IDENTIFIER = edu.sandiego.comp495.Cheers;
				PRODUCT_NAME = "$(TARGET_NAME)";
				PROVISIONING_PROFILE_SPECIFIER = "";
				SWIFT_VERSION = 4.0;
				TARGETED_DEVICE_FAMILY = "1,2";
			};
			name = Release;
		};
		BEA1B48B204F34B000136463 /* Debug */ = {
			isa = XCBuildConfiguration;
			buildSettings = {
				ALWAYS_EMBED_SWIFT_STANDARD_LIBRARIES = YES;
				BUNDLE_LOADER = "$(TEST_HOST)";
				CODE_SIGN_STYLE = Automatic;
				DEVELOPMENT_TEAM = E255S56V67;
				INFOPLIST_FILE = CheersTests/Info.plist;
				LD_RUNPATH_SEARCH_PATHS = "$(inherited) @executable_path/Frameworks @loader_path/Frameworks";
				PRODUCT_BUNDLE_IDENTIFIER = edu.sandiego.comp495.CheersTests;
				PRODUCT_NAME = "$(TARGET_NAME)";
				SWIFT_VERSION = 4.0;
				TARGETED_DEVICE_FAMILY = "1,2";
				TEST_HOST = "$(BUILT_PRODUCTS_DIR)/Cheers.app/Cheers";
			};
			name = Debug;
		};
		BEA1B48C204F34B000136463 /* Release */ = {
			isa = XCBuildConfiguration;
			buildSettings = {
				ALWAYS_EMBED_SWIFT_STANDARD_LIBRARIES = YES;
				BUNDLE_LOADER = "$(TEST_HOST)";
				CODE_SIGN_STYLE = Automatic;
				DEVELOPMENT_TEAM = E255S56V67;
				INFOPLIST_FILE = CheersTests/Info.plist;
				LD_RUNPATH_SEARCH_PATHS = "$(inherited) @executable_path/Frameworks @loader_path/Frameworks";
				PRODUCT_BUNDLE_IDENTIFIER = edu.sandiego.comp495.CheersTests;
				PRODUCT_NAME = "$(TARGET_NAME)";
				SWIFT_VERSION = 4.0;
				TARGETED_DEVICE_FAMILY = "1,2";
				TEST_HOST = "$(BUILT_PRODUCTS_DIR)/Cheers.app/Cheers";
			};
			name = Release;
		};
		BEA1B48E204F34B000136463 /* Debug */ = {
			isa = XCBuildConfiguration;
			buildSettings = {
				ALWAYS_EMBED_SWIFT_STANDARD_LIBRARIES = YES;
				CODE_SIGN_STYLE = Automatic;
				DEVELOPMENT_TEAM = E255S56V67;
				INFOPLIST_FILE = CheersUITests/Info.plist;
				LD_RUNPATH_SEARCH_PATHS = "$(inherited) @executable_path/Frameworks @loader_path/Frameworks";
				PRODUCT_BUNDLE_IDENTIFIER = edu.sandiego.comp495.CheersUITests;
				PRODUCT_NAME = "$(TARGET_NAME)";
				SWIFT_VERSION = 4.0;
				TARGETED_DEVICE_FAMILY = "1,2";
				TEST_TARGET_NAME = Cheers;
			};
			name = Debug;
		};
		BEA1B48F204F34B000136463 /* Release */ = {
			isa = XCBuildConfiguration;
			buildSettings = {
				ALWAYS_EMBED_SWIFT_STANDARD_LIBRARIES = YES;
				CODE_SIGN_STYLE = Automatic;
				DEVELOPMENT_TEAM = E255S56V67;
				INFOPLIST_FILE = CheersUITests/Info.plist;
				LD_RUNPATH_SEARCH_PATHS = "$(inherited) @executable_path/Frameworks @loader_path/Frameworks";
				PRODUCT_BUNDLE_IDENTIFIER = edu.sandiego.comp495.CheersUITests;
				PRODUCT_NAME = "$(TARGET_NAME)";
				SWIFT_VERSION = 4.0;
				TARGETED_DEVICE_FAMILY = "1,2";
				TEST_TARGET_NAME = Cheers;
			};
			name = Release;
		};
/* End XCBuildConfiguration section */

/* Begin XCConfigurationList section */
		BEA1B458204F34AF00136463 /* Build configuration list for PBXProject "Cheers" */ = {
			isa = XCConfigurationList;
			buildConfigurations = (
				BEA1B485204F34B000136463 /* Debug */,
				BEA1B486204F34B000136463 /* Release */,
			);
			defaultConfigurationIsVisible = 0;
			defaultConfigurationName = Release;
		};
		BEA1B487204F34B000136463 /* Build configuration list for PBXNativeTarget "Cheers" */ = {
			isa = XCConfigurationList;
			buildConfigurations = (
				BEA1B488204F34B000136463 /* Debug */,
				BEA1B489204F34B000136463 /* Release */,
			);
			defaultConfigurationIsVisible = 0;
			defaultConfigurationName = Release;
		};
		BEA1B48A204F34B000136463 /* Build configuration list for PBXNativeTarget "CheersTests" */ = {
			isa = XCConfigurationList;
			buildConfigurations = (
				BEA1B48B204F34B000136463 /* Debug */,
				BEA1B48C204F34B000136463 /* Release */,
			);
			defaultConfigurationIsVisible = 0;
			defaultConfigurationName = Release;
		};
		BEA1B48D204F34B000136463 /* Build configuration list for PBXNativeTarget "CheersUITests" */ = {
			isa = XCConfigurationList;
			buildConfigurations = (
				BEA1B48E204F34B000136463 /* Debug */,
				BEA1B48F204F34B000136463 /* Release */,
			);
			defaultConfigurationIsVisible = 0;
			defaultConfigurationName = Release;
		};
/* End XCConfigurationList section */
	};
	rootObject = BEA1B455204F34AF00136463 /* Project object */;
}
