// !$*UTF8*$!
{
	archiveVersion = 1;
	classes = {
	};
	objectVersion = 48;
	objects = {

/* Begin PBXBuildFile section */
		339A224C205081CE00C099FA /* FavoritesViewController.swift in Sources */ = {isa = PBXBuildFile; fileRef = 339A224B205081CE00C099FA /* FavoritesViewController.swift */; };
		339A224E205081DD00C099FA /* SettingsViewController.swift in Sources */ = {isa = PBXBuildFile; fileRef = 339A224D205081DD00C099FA /* SettingsViewController.swift */; };
		53B8AB51ECE9E0A4AD635A77 /* Pods_CheersUITests.framework in Frameworks */ = {isa = PBXBuildFile; fileRef = 7510546D200EA9295116FBC0 /* Pods_CheersUITests.framework */; };
		666ABDC12058CD8400A1C447 /* SelectedBarViewController.swift in Sources */ = {isa = PBXBuildFile; fileRef = 666ABDC02058CD8400A1C447 /* SelectedBarViewController.swift */; };
		66D3EDFC20730BC4003A9CB0 /* happyhours.txt in Resources */ = {isa = PBXBuildFile; fileRef = 66D3EDFB20730BC3003A9CB0 /* happyhours.txt */; };
		72D45BDF2084024200E06918 /* FilterSettingsSingleton.swift in Sources */ = {isa = PBXBuildFile; fileRef = 72D45BDE2084024200E06918 /* FilterSettingsSingleton.swift */; };
		9A0A86FE11A77BD7A74EBA63 /* Pods_Cheers.framework in Frameworks */ = {isa = PBXBuildFile; fileRef = F46CB7E3BE7DAFDFD4F6DD4E /* Pods_Cheers.framework */; };
		B10E20BA2054AF88005E37BE /* BarInfoCheersApp.txt in Resources */ = {isa = PBXBuildFile; fileRef = B10E20B92054AF88005E37BE /* BarInfoCheersApp.txt */; };
		B15ACF5D208197320052C4CB /* FilterMenu.swift in Sources */ = {isa = PBXBuildFile; fileRef = B15ACF5C208197320052C4CB /* FilterMenu.swift */; };
		B15ACF632081A9C90052C4CB /* FilterOptionCell.swift in Sources */ = {isa = PBXBuildFile; fileRef = B15ACF622081A9C90052C4CB /* FilterOptionCell.swift */; };
		B1C20A5F2051E9ED00ECB998 /* BarTableViewCell.swift in Sources */ = {isa = PBXBuildFile; fileRef = B1C20A5E2051E9ED00ECB998 /* BarTableViewCell.swift */; };
		B1C20A612051EF6500ECB998 /* shout.jpg in Resources */ = {isa = PBXBuildFile; fileRef = B1C20A602051EF6500ECB998 /* shout.jpg */; };
		B1FF310F20720A33001DF2DF /* UserLocations.swift in Sources */ = {isa = PBXBuildFile; fileRef = B1FF310E20720A33001DF2DF /* UserLocations.swift */; };
		B1FF31152072DE84001DF2DF /* ImageLoader.swift in Sources */ = {isa = PBXBuildFile; fileRef = B1FF31142072DE84001DF2DF /* ImageLoader.swift */; };
		B1FFE6AB205B69F500531FDB /* GoogleService-Info.plist in Resources */ = {isa = PBXBuildFile; fileRef = B1FFE6AA205B69F500531FDB /* GoogleService-Info.plist */; };
		B1FFE6AD205B6F7200531FDB /* Neighborhoods.swift in Sources */ = {isa = PBXBuildFile; fileRef = B1FFE6AC205B6F7200531FDB /* Neighborhoods.swift */; };
		B1FFE6AF205B717E00531FDB /* DatabaseController.swift in Sources */ = {isa = PBXBuildFile; fileRef = B1FFE6AE205B717E00531FDB /* DatabaseController.swift */; };
		BE500C6720619CD1006F4FD0 /* BarNames.txt in Resources */ = {isa = PBXBuildFile; fileRef = BE500C6620619CD1006F4FD0 /* BarNames.txt */; };
		BE8EF5B1207539BF0088F098 /* SharedListsSingleton.swift in Sources */ = {isa = PBXBuildFile; fileRef = BE8EF5B0207539BF0088F098 /* SharedListsSingleton.swift */; };
		BEA1B461204F34AF00136463 /* AppDelegate.swift in Sources */ = {isa = PBXBuildFile; fileRef = BEA1B460204F34AF00136463 /* AppDelegate.swift */; };
		BEA1B463204F34AF00136463 /* ListViewController.swift in Sources */ = {isa = PBXBuildFile; fileRef = BEA1B462204F34AF00136463 /* ListViewController.swift */; };
		BEA1B465204F34AF00136463 /* MapViewController.swift in Sources */ = {isa = PBXBuildFile; fileRef = BEA1B464204F34AF00136463 /* MapViewController.swift */; };
		BEA1B468204F34AF00136463 /* Main.storyboard in Resources */ = {isa = PBXBuildFile; fileRef = BEA1B466204F34AF00136463 /* Main.storyboard */; };
		BEA1B46A204F34AF00136463 /* Assets.xcassets in Resources */ = {isa = PBXBuildFile; fileRef = BEA1B469204F34AF00136463 /* Assets.xcassets */; };
		BEA1B46D204F34AF00136463 /* LaunchScreen.storyboard in Resources */ = {isa = PBXBuildFile; fileRef = BEA1B46B204F34AF00136463 /* LaunchScreen.storyboard */; };
		BEA1B478204F34B000136463 /* CheersTests.swift in Sources */ = {isa = PBXBuildFile; fileRef = BEA1B477204F34B000136463 /* CheersTests.swift */; };
		BEA1B483204F34B000136463 /* CheersUITests.swift in Sources */ = {isa = PBXBuildFile; fileRef = BEA1B482204F34B000136463 /* CheersUITests.swift */; };
		BEADB55D2075D8C300E107B7 /* Credits Page.txt in Resources */ = {isa = PBXBuildFile; fileRef = BEADB55C2075D8C300E107B7 /* Credits Page.txt */; };
		BEADB55F2075DB5800E107B7 /* ColorsSingleton.swift in Sources */ = {isa = PBXBuildFile; fileRef = BEADB55E2075DB5800E107B7 /* ColorsSingleton.swift */; };
		BEC473AD20510B7C00FC5702 /* Place.swift in Sources */ = {isa = PBXBuildFile; fileRef = BEC473AC20510B7C00FC5702 /* Place.swift */; };
		BEF309A62061AA3200022098 /* BarType.swift in Sources */ = {isa = PBXBuildFile; fileRef = BEF309A52061AA3200022098 /* BarType.swift */; };
		BEF309A82061BA0D00022098 /* DatabaseRecord.swift in Sources */ = {isa = PBXBuildFile; fileRef = BEF309A72061BA0D00022098 /* DatabaseRecord.swift */; };
		BEF4A5D82075C44900D7BCE5 /* PlaceMapAnnotationViewModel.swift in Sources */ = {isa = PBXBuildFile; fileRef = BEF4A5D72075C44900D7BCE5 /* PlaceMapAnnotationViewModel.swift */; };
		BEF4A5DA2075C53100D7BCE5 /* PlaceMapAnnotationView.xib in Resources */ = {isa = PBXBuildFile; fileRef = BEF4A5D92075C53100D7BCE5 /* PlaceMapAnnotationView.xib */; };
		BEF4A5DC2075C78300D7BCE5 /* PlaceMapAnnotationView.swift in Sources */ = {isa = PBXBuildFile; fileRef = BEF4A5DB2075C78300D7BCE5 /* PlaceMapAnnotationView.swift */; };
		ECBAF1DCFF0D62B667481A7D /* Pods_CheersTests.framework in Frameworks */ = {isa = PBXBuildFile; fileRef = B0F4456248D6140CBDEA45D4 /* Pods_CheersTests.framework */; };
/* End PBXBuildFile section */

/* Begin PBXContainerItemProxy section */
		BEA1B474204F34AF00136463 /* PBXContainerItemProxy */ = {
			isa = PBXContainerItemProxy;
			containerPortal = BEA1B455204F34AF00136463 /* Project object */;
			proxyType = 1;
			remoteGlobalIDString = BEA1B45C204F34AF00136463;
			remoteInfo = Cheers;
		};
		BEA1B47F204F34B000136463 /* PBXContainerItemProxy */ = {
			isa = PBXContainerItemProxy;
			containerPortal = BEA1B455204F34AF00136463 /* Project object */;
			proxyType = 1;
			remoteGlobalIDString = BEA1B45C204F34AF00136463;
			remoteInfo = Cheers;
		};
/* End PBXContainerItemProxy section */

/* Begin PBXFileReference section */
		1415AA8AD312D852EA849603 /* Pods-Cheers.debug.xcconfig */ = {isa = PBXFileReference; includeInIndex = 1; lastKnownFileType = text.xcconfig; name = "Pods-Cheers.debug.xcconfig"; path = "Pods/Target Support Files/Pods-Cheers/Pods-Cheers.debug.xcconfig"; sourceTree = "<group>"; };
		1DEF0424F9094255F5B5B799 /* Pods-CheersTests.debug.xcconfig */ = {isa = PBXFileReference; includeInIndex = 1; lastKnownFileType = text.xcconfig; name = "Pods-CheersTests.debug.xcconfig"; path = "Pods/Target Support Files/Pods-CheersTests/Pods-CheersTests.debug.xcconfig"; sourceTree = "<group>"; };
		2010BDD9FF669BDD3D11AC9E /* Pods-CheersUITests.debug.xcconfig */ = {isa = PBXFileReference; includeInIndex = 1; lastKnownFileType = text.xcconfig; name = "Pods-CheersUITests.debug.xcconfig"; path = "Pods/Target Support Files/Pods-CheersUITests/Pods-CheersUITests.debug.xcconfig"; sourceTree = "<group>"; };
		339A224B205081CE00C099FA /* FavoritesViewController.swift */ = {isa = PBXFileReference; lastKnownFileType = sourcecode.swift; path = FavoritesViewController.swift; sourceTree = "<group>"; };
		339A224D205081DD00C099FA /* SettingsViewController.swift */ = {isa = PBXFileReference; lastKnownFileType = sourcecode.swift; path = SettingsViewController.swift; sourceTree = "<group>"; };
		3FFE80B91BF7B44C17B2D247 /* Pods-CheersTests.release.xcconfig */ = {isa = PBXFileReference; includeInIndex = 1; lastKnownFileType = text.xcconfig; name = "Pods-CheersTests.release.xcconfig"; path = "Pods/Target Support Files/Pods-CheersTests/Pods-CheersTests.release.xcconfig"; sourceTree = "<group>"; };
		666ABDC02058CD8400A1C447 /* SelectedBarViewController.swift */ = {isa = PBXFileReference; lastKnownFileType = sourcecode.swift; path = SelectedBarViewController.swift; sourceTree = "<group>"; };
		66D3EDFB20730BC3003A9CB0 /* happyhours.txt */ = {isa = PBXFileReference; fileEncoding = 4; lastKnownFileType = text; path = happyhours.txt; sourceTree = "<group>"; };
		72D45BDE2084024200E06918 /* FilterSettingsSingleton.swift */ = {isa = PBXFileReference; lastKnownFileType = sourcecode.swift; path = FilterSettingsSingleton.swift; sourceTree = "<group>"; };
		7510546D200EA9295116FBC0 /* Pods_CheersUITests.framework */ = {isa = PBXFileReference; explicitFileType = wrapper.framework; includeInIndex = 0; path = Pods_CheersUITests.framework; sourceTree = BUILT_PRODUCTS_DIR; };
		81FDF68A309F93D49B4568F8 /* Pods-Cheers.release.xcconfig */ = {isa = PBXFileReference; includeInIndex = 1; lastKnownFileType = text.xcconfig; name = "Pods-Cheers.release.xcconfig"; path = "Pods/Target Support Files/Pods-Cheers/Pods-Cheers.release.xcconfig"; sourceTree = "<group>"; };
		972A4A435F45ED4976ED9E9E /* Pods-CheersUITests.release.xcconfig */ = {isa = PBXFileReference; includeInIndex = 1; lastKnownFileType = text.xcconfig; name = "Pods-CheersUITests.release.xcconfig"; path = "Pods/Target Support Files/Pods-CheersUITests/Pods-CheersUITests.release.xcconfig"; sourceTree = "<group>"; };
		B0F4456248D6140CBDEA45D4 /* Pods_CheersTests.framework */ = {isa = PBXFileReference; explicitFileType = wrapper.framework; includeInIndex = 0; path = Pods_CheersTests.framework; sourceTree = BUILT_PRODUCTS_DIR; };
		B10E20B92054AF88005E37BE /* BarInfoCheersApp.txt */ = {isa = PBXFileReference; fileEncoding = 4; lastKnownFileType = text; path = BarInfoCheersApp.txt; sourceTree = "<group>"; };
		B15ACF5C208197320052C4CB /* FilterMenu.swift */ = {isa = PBXFileReference; lastKnownFileType = sourcecode.swift; path = FilterMenu.swift; sourceTree = "<group>"; };
		B15ACF622081A9C90052C4CB /* FilterOptionCell.swift */ = {isa = PBXFileReference; lastKnownFileType = sourcecode.swift; path = FilterOptionCell.swift; sourceTree = "<group>"; };
		B1C20A5E2051E9ED00ECB998 /* BarTableViewCell.swift */ = {isa = PBXFileReference; lastKnownFileType = sourcecode.swift; path = BarTableViewCell.swift; sourceTree = "<group>"; };
		B1C20A602051EF6500ECB998 /* shout.jpg */ = {isa = PBXFileReference; lastKnownFileType = image.jpeg; path = shout.jpg; sourceTree = "<group>"; };
		B1FF310E20720A33001DF2DF /* UserLocations.swift */ = {isa = PBXFileReference; lastKnownFileType = sourcecode.swift; path = UserLocations.swift; sourceTree = "<group>"; };
		B1FF31142072DE84001DF2DF /* ImageLoader.swift */ = {isa = PBXFileReference; lastKnownFileType = sourcecode.swift; path = ImageLoader.swift; sourceTree = "<group>"; };
		B1FFE6AA205B69F500531FDB /* GoogleService-Info.plist */ = {isa = PBXFileReference; fileEncoding = 4; lastKnownFileType = text.plist.xml; path = "GoogleService-Info.plist"; sourceTree = "<group>"; };
		B1FFE6AC205B6F7200531FDB /* Neighborhoods.swift */ = {isa = PBXFileReference; lastKnownFileType = sourcecode.swift; path = Neighborhoods.swift; sourceTree = "<group>"; };
		B1FFE6AE205B717E00531FDB /* DatabaseController.swift */ = {isa = PBXFileReference; lastKnownFileType = sourcecode.swift; path = DatabaseController.swift; sourceTree = "<group>"; };
		BE500C6620619CD1006F4FD0 /* BarNames.txt */ = {isa = PBXFileReference; fileEncoding = 4; lastKnownFileType = text; path = BarNames.txt; sourceTree = "<group>"; };
		BE8EF5B0207539BF0088F098 /* SharedListsSingleton.swift */ = {isa = PBXFileReference; lastKnownFileType = sourcecode.swift; path = SharedListsSingleton.swift; sourceTree = "<group>"; };
		BEA1B45D204F34AF00136463 /* Cheers.app */ = {isa = PBXFileReference; explicitFileType = wrapper.application; includeInIndex = 0; path = Cheers.app; sourceTree = BUILT_PRODUCTS_DIR; };
		BEA1B460204F34AF00136463 /* AppDelegate.swift */ = {isa = PBXFileReference; lastKnownFileType = sourcecode.swift; path = AppDelegate.swift; sourceTree = "<group>"; };
		BEA1B462204F34AF00136463 /* ListViewController.swift */ = {isa = PBXFileReference; lastKnownFileType = sourcecode.swift; path = ListViewController.swift; sourceTree = "<group>"; };
		BEA1B464204F34AF00136463 /* MapViewController.swift */ = {isa = PBXFileReference; lastKnownFileType = sourcecode.swift; path = MapViewController.swift; sourceTree = "<group>"; };
		BEA1B467204F34AF00136463 /* Base */ = {isa = PBXFileReference; lastKnownFileType = file.storyboard; name = Base; path = Base.lproj/Main.storyboard; sourceTree = "<group>"; };
		BEA1B469204F34AF00136463 /* Assets.xcassets */ = {isa = PBXFileReference; lastKnownFileType = folder.assetcatalog; path = Assets.xcassets; sourceTree = "<group>"; };
		BEA1B46C204F34AF00136463 /* Base */ = {isa = PBXFileReference; lastKnownFileType = file.storyboard; name = Base; path = Base.lproj/LaunchScreen.storyboard; sourceTree = "<group>"; };
		BEA1B46E204F34AF00136463 /* Info.plist */ = {isa = PBXFileReference; lastKnownFileType = text.plist.xml; path = Info.plist; sourceTree = "<group>"; };
		BEA1B473204F34AF00136463 /* CheersTests.xctest */ = {isa = PBXFileReference; explicitFileType = wrapper.cfbundle; includeInIndex = 0; path = CheersTests.xctest; sourceTree = BUILT_PRODUCTS_DIR; };
		BEA1B477204F34B000136463 /* CheersTests.swift */ = {isa = PBXFileReference; lastKnownFileType = sourcecode.swift; path = CheersTests.swift; sourceTree = "<group>"; };
		BEA1B479204F34B000136463 /* Info.plist */ = {isa = PBXFileReference; lastKnownFileType = text.plist.xml; path = Info.plist; sourceTree = "<group>"; };
		BEA1B47E204F34B000136463 /* CheersUITests.xctest */ = {isa = PBXFileReference; explicitFileType = wrapper.cfbundle; includeInIndex = 0; path = CheersUITests.xctest; sourceTree = BUILT_PRODUCTS_DIR; };
		BEA1B482204F34B000136463 /* CheersUITests.swift */ = {isa = PBXFileReference; lastKnownFileType = sourcecode.swift; path = CheersUITests.swift; sourceTree = "<group>"; };
		BEA1B484204F34B000136463 /* Info.plist */ = {isa = PBXFileReference; lastKnownFileType = text.plist.xml; path = Info.plist; sourceTree = "<group>"; };
		BEADB55C2075D8C300E107B7 /* Credits Page.txt */ = {isa = PBXFileReference; fileEncoding = 4; lastKnownFileType = text; path = "Credits Page.txt"; sourceTree = SOURCE_ROOT; };
		BEADB55E2075DB5800E107B7 /* ColorsSingleton.swift */ = {isa = PBXFileReference; lastKnownFileType = sourcecode.swift; path = ColorsSingleton.swift; sourceTree = "<group>"; };
		BEC473AC20510B7C00FC5702 /* Place.swift */ = {isa = PBXFileReference; lastKnownFileType = sourcecode.swift; path = Place.swift; sourceTree = "<group>"; };
		BEF309A52061AA3200022098 /* BarType.swift */ = {isa = PBXFileReference; lastKnownFileType = sourcecode.swift; path = BarType.swift; sourceTree = "<group>"; };
		BEF309A72061BA0D00022098 /* DatabaseRecord.swift */ = {isa = PBXFileReference; lastKnownFileType = sourcecode.swift; path = DatabaseRecord.swift; sourceTree = "<group>"; };
		BEF4A5D72075C44900D7BCE5 /* PlaceMapAnnotationViewModel.swift */ = {isa = PBXFileReference; lastKnownFileType = sourcecode.swift; path = PlaceMapAnnotationViewModel.swift; sourceTree = "<group>"; };
		BEF4A5D92075C53100D7BCE5 /* PlaceMapAnnotationView.xib */ = {isa = PBXFileReference; lastKnownFileType = file.xib; path = PlaceMapAnnotationView.xib; sourceTree = "<group>"; };
		BEF4A5DB2075C78300D7BCE5 /* PlaceMapAnnotationView.swift */ = {isa = PBXFileReference; lastKnownFileType = sourcecode.swift; path = PlaceMapAnnotationView.swift; sourceTree = "<group>"; };
		F46CB7E3BE7DAFDFD4F6DD4E /* Pods_Cheers.framework */ = {isa = PBXFileReference; explicitFileType = wrapper.framework; includeInIndex = 0; path = Pods_Cheers.framework; sourceTree = BUILT_PRODUCTS_DIR; };
/* End PBXFileReference section */

/* Begin PBXFrameworksBuildPhase section */
		BEA1B45A204F34AF00136463 /* Frameworks */ = {
			isa = PBXFrameworksBuildPhase;
			buildActionMask = 2147483647;
			files = (
				9A0A86FE11A77BD7A74EBA63 /* Pods_Cheers.framework in Frameworks */,
			);
			runOnlyForDeploymentPostprocessing = 0;
		};
		BEA1B470204F34AF00136463 /* Frameworks */ = {
			isa = PBXFrameworksBuildPhase;
			buildActionMask = 2147483647;
			files = (
				ECBAF1DCFF0D62B667481A7D /* Pods_CheersTests.framework in Frameworks */,
			);
			runOnlyForDeploymentPostprocessing = 0;
		};
		BEA1B47B204F34B000136463 /* Frameworks */ = {
			isa = PBXFrameworksBuildPhase;
			buildActionMask = 2147483647;
			files = (
				53B8AB51ECE9E0A4AD635A77 /* Pods_CheersUITests.framework in Frameworks */,
			);
			runOnlyForDeploymentPostprocessing = 0;
		};
/* End PBXFrameworksBuildPhase section */

/* Begin PBXGroup section */
		6A88F8C986DDE73C72AE9565 /* Frameworks */ = {
			isa = PBXGroup;
			children = (
				F46CB7E3BE7DAFDFD4F6DD4E /* Pods_Cheers.framework */,
				B0F4456248D6140CBDEA45D4 /* Pods_CheersTests.framework */,
				7510546D200EA9295116FBC0 /* Pods_CheersUITests.framework */,
			);
			name = Frameworks;
			sourceTree = "<group>";
		};
		A0DA8C62E9D69779293706FC /* Pods */ = {
			isa = PBXGroup;
			children = (
				1415AA8AD312D852EA849603 /* Pods-Cheers.debug.xcconfig */,
				81FDF68A309F93D49B4568F8 /* Pods-Cheers.release.xcconfig */,
				1DEF0424F9094255F5B5B799 /* Pods-CheersTests.debug.xcconfig */,
				3FFE80B91BF7B44C17B2D247 /* Pods-CheersTests.release.xcconfig */,
				2010BDD9FF669BDD3D11AC9E /* Pods-CheersUITests.debug.xcconfig */,
				972A4A435F45ED4976ED9E9E /* Pods-CheersUITests.release.xcconfig */,
			);
			name = Pods;
			sourceTree = "<group>";
		};
		B15ACF5F2081A8F30052C4CB /* Filter Classes */ = {
			isa = PBXGroup;
			children = (
				B15ACF5C208197320052C4CB /* FilterMenu.swift */,
				B15ACF622081A9C90052C4CB /* FilterOptionCell.swift */,
			);
			path = "Filter Classes";
			sourceTree = "<group>";
		};
		B1C20A572051E3F700ECB998 /* Controller */ = {
			isa = PBXGroup;
			children = (
				B15ACF5F2081A8F30052C4CB /* Filter Classes */,
				B1FF310D20720A08001DF2DF /* Location Classes */,
				BEA1B460204F34AF00136463 /* AppDelegate.swift */,
				BEA1B462204F34AF00136463 /* ListViewController.swift */,
				666ABDC02058CD8400A1C447 /* SelectedBarViewController.swift */,
				BEA1B464204F34AF00136463 /* MapViewController.swift */,
				339A224B205081CE00C099FA /* FavoritesViewController.swift */,
				339A224D205081DD00C099FA /* SettingsViewController.swift */,
				B1C20A5E2051E9ED00ECB998 /* BarTableViewCell.swift */,
				B1FF31142072DE84001DF2DF /* ImageLoader.swift */,
				B1FFE6AE205B717E00531FDB /* DatabaseController.swift */,
			);
			path = Controller;
			sourceTree = "<group>";
		};
		B1C20A582051E3FB00ECB998 /* View */ = {
			isa = PBXGroup;
			children = (
				BEA1B466204F34AF00136463 /* Main.storyboard */,
				BEA1B46B204F34AF00136463 /* LaunchScreen.storyboard */,
				BEF4A5D92075C53100D7BCE5 /* PlaceMapAnnotationView.xib */,
				BEF4A5DB2075C78300D7BCE5 /* PlaceMapAnnotationView.swift */,
			);
			path = View;
			sourceTree = "<group>";
		};
		B1C20A592051E3FE00ECB998 /* Model */ = {
			isa = PBXGroup;
			children = (
				BEC473AC20510B7C00FC5702 /* Place.swift */,
				B1FFE6AC205B6F7200531FDB /* Neighborhoods.swift */,
				BEF309A52061AA3200022098 /* BarType.swift */,
				BEF309A72061BA0D00022098 /* DatabaseRecord.swift */,
				BE8EF5B0207539BF0088F098 /* SharedListsSingleton.swift */,
				BEF4A5D72075C44900D7BCE5 /* PlaceMapAnnotationViewModel.swift */,
				BEADB55E2075DB5800E107B7 /* ColorsSingleton.swift */,
				72D45BDE2084024200E06918 /* FilterSettingsSingleton.swift */,
			);
			path = Model;
			sourceTree = "<group>";
		};
		B1FF310D20720A08001DF2DF /* Location Classes */ = {
			isa = PBXGroup;
			children = (
				B1FF310E20720A33001DF2DF /* UserLocations.swift */,
			);
			path = "Location Classes";
			sourceTree = "<group>";
		};
		BEA1B454204F34AF00136463 = {
			isa = PBXGroup;
			children = (
				BEA1B45F204F34AF00136463 /* Cheers */,
				BEA1B476204F34AF00136463 /* CheersTests */,
				BEA1B481204F34B000136463 /* CheersUITests */,
				BEA1B45E204F34AF00136463 /* Products */,
				A0DA8C62E9D69779293706FC /* Pods */,
				6A88F8C986DDE73C72AE9565 /* Frameworks */,
			);
			sourceTree = "<group>";
		};
		BEA1B45E204F34AF00136463 /* Products */ = {
			isa = PBXGroup;
			children = (
				BEA1B45D204F34AF00136463 /* Cheers.app */,
				BEA1B473204F34AF00136463 /* CheersTests.xctest */,
				BEA1B47E204F34B000136463 /* CheersUITests.xctest */,
			);
			name = Products;
			sourceTree = "<group>";
		};
		BEA1B45F204F34AF00136463 /* Cheers */ = {
			isa = PBXGroup;
			children = (
				B1C20A592051E3FE00ECB998 /* Model */,
				B1C20A582051E3FB00ECB998 /* View */,
				B1C20A572051E3F700ECB998 /* Controller */,
				BEA1B469204F34AF00136463 /* Assets.xcassets */,
				BEADB55C2075D8C300E107B7 /* Credits Page.txt */,
				66D3EDFB20730BC3003A9CB0 /* happyhours.txt */,
				BE500C6620619CD1006F4FD0 /* BarNames.txt */,
				B10E20B92054AF88005E37BE /* BarInfoCheersApp.txt */,
				B1C20A602051EF6500ECB998 /* shout.jpg */,
				B1FFE6AA205B69F500531FDB /* GoogleService-Info.plist */,
				BEA1B46E204F34AF00136463 /* Info.plist */,
			);
			path = Cheers;
			sourceTree = "<group>";
		};
		BEA1B476204F34AF00136463 /* CheersTests */ = {
			isa = PBXGroup;
			children = (
				BEA1B477204F34B000136463 /* CheersTests.swift */,
				BEA1B479204F34B000136463 /* Info.plist */,
			);
			path = CheersTests;
			sourceTree = "<group>";
		};
		BEA1B481204F34B000136463 /* CheersUITests */ = {
			isa = PBXGroup;
			children = (
				BEA1B482204F34B000136463 /* CheersUITests.swift */,
				BEA1B484204F34B000136463 /* Info.plist */,
			);
			path = CheersUITests;
			sourceTree = "<group>";
		};
/* End PBXGroup section */

/* Begin PBXNativeTarget section */
		BEA1B45C204F34AF00136463 /* Cheers */ = {
			isa = PBXNativeTarget;
			buildConfigurationList = BEA1B487204F34B000136463 /* Build configuration list for PBXNativeTarget "Cheers" */;
			buildPhases = (
				63DAC77483E645ABDBC74A48 /* [CP] Check Pods Manifest.lock */,
				BEA1B459204F34AF00136463 /* Sources */,
				BEA1B45A204F34AF00136463 /* Frameworks */,
				BEA1B45B204F34AF00136463 /* Resources */,
				393EFF8B4382076B8B7667C4 /* [CP] Embed Pods Frameworks */,
				BE0E6E5A2063492800330712 /* ShellScript */,
			);
			buildRules = (
			);
			dependencies = (
			);
			name = Cheers;
			productName = Cheers;
			productReference = BEA1B45D204F34AF00136463 /* Cheers.app */;
			productType = "com.apple.product-type.application";
		};
		BEA1B472204F34AF00136463 /* CheersTests */ = {
			isa = PBXNativeTarget;
			buildConfigurationList = BEA1B48A204F34B000136463 /* Build configuration list for PBXNativeTarget "CheersTests" */;
			buildPhases = (
				C95E93F5C6B97D7BFDA081ED /* [CP] Check Pods Manifest.lock */,
				BEA1B46F204F34AF00136463 /* Sources */,
				BEA1B470204F34AF00136463 /* Frameworks */,
				BEA1B471204F34AF00136463 /* Resources */,
			);
			buildRules = (
			);
			dependencies = (
				BEA1B475204F34AF00136463 /* PBXTargetDependency */,
			);
			name = CheersTests;
			productName = CheersTests;
			productReference = BEA1B473204F34AF00136463 /* CheersTests.xctest */;
			productType = "com.apple.product-type.bundle.unit-test";
		};
		BEA1B47D204F34B000136463 /* CheersUITests */ = {
			isa = PBXNativeTarget;
			buildConfigurationList = BEA1B48D204F34B000136463 /* Build configuration list for PBXNativeTarget "CheersUITests" */;
			buildPhases = (
				142762018D098F05ABCA8BDC /* [CP] Check Pods Manifest.lock */,
				BEA1B47A204F34B000136463 /* Sources */,
				BEA1B47B204F34B000136463 /* Frameworks */,
				BEA1B47C204F34B000136463 /* Resources */,
			);
			buildRules = (
			);
			dependencies = (
				BEA1B480204F34B000136463 /* PBXTargetDependency */,
			);
			name = CheersUITests;
			productName = CheersUITests;
			productReference = BEA1B47E204F34B000136463 /* CheersUITests.xctest */;
			productType = "com.apple.product-type.bundle.ui-testing";
		};
/* End PBXNativeTarget section */

/* Begin PBXProject section */
		BEA1B455204F34AF00136463 /* Project object */ = {
			isa = PBXProject;
			attributes = {
				LastSwiftUpdateCheck = 0920;
				LastUpgradeCheck = 0920;
				ORGANIZATIONNAME = "University of San Diego";
				TargetAttributes = {
					BEA1B45C204F34AF00136463 = {
						CreatedOnToolsVersion = 9.2;
						ProvisioningStyle = Automatic;
					};
					BEA1B472204F34AF00136463 = {
						CreatedOnToolsVersion = 9.2;
						ProvisioningStyle = Automatic;
						TestTargetID = BEA1B45C204F34AF00136463;
					};
					BEA1B47D204F34B000136463 = {
						CreatedOnToolsVersion = 9.2;
						ProvisioningStyle = Automatic;
						TestTargetID = BEA1B45C204F34AF00136463;
					};
				};
			};
			buildConfigurationList = BEA1B458204F34AF00136463 /* Build configuration list for PBXProject "Cheers" */;
			compatibilityVersion = "Xcode 8.0";
			developmentRegion = en;
			hasScannedForEncodings = 0;
			knownRegions = (
				en,
				Base,
			);
			mainGroup = BEA1B454204F34AF00136463;
			productRefGroup = BEA1B45E204F34AF00136463 /* Products */;
			projectDirPath = "";
			projectRoot = "";
			targets = (
				BEA1B45C204F34AF00136463 /* Cheers */,
				BEA1B472204F34AF00136463 /* CheersTests */,
				BEA1B47D204F34B000136463 /* CheersUITests */,
			);
		};
/* End PBXProject section */

/* Begin PBXResourcesBuildPhase section */
		BEA1B45B204F34AF00136463 /* Resources */ = {
			isa = PBXResourcesBuildPhase;
			buildActionMask = 2147483647;
			files = (
				BEA1B46D204F34AF00136463 /* LaunchScreen.storyboard in Resources */,
				B1FFE6AB205B69F500531FDB /* GoogleService-Info.plist in Resources */,
				BE500C6720619CD1006F4FD0 /* BarNames.txt in Resources */,
				B10E20BA2054AF88005E37BE /* BarInfoCheersApp.txt in Resources */,
				BEA1B46A204F34AF00136463 /* Assets.xcassets in Resources */,
				BEF4A5DA2075C53100D7BCE5 /* PlaceMapAnnotationView.xib in Resources */,
				BEA1B468204F34AF00136463 /* Main.storyboard in Resources */,
				B1C20A612051EF6500ECB998 /* shout.jpg in Resources */,
				BEADB55D2075D8C300E107B7 /* Credits Page.txt in Resources */,
				66D3EDFC20730BC4003A9CB0 /* happyhours.txt in Resources */,
			);
			runOnlyForDeploymentPostprocessing = 0;
		};
		BEA1B471204F34AF00136463 /* Resources */ = {
			isa = PBXResourcesBuildPhase;
			buildActionMask = 2147483647;
			files = (
			);
			runOnlyForDeploymentPostprocessing = 0;
		};
		BEA1B47C204F34B000136463 /* Resources */ = {
			isa = PBXResourcesBuildPhase;
			buildActionMask = 2147483647;
			files = (
			);
			runOnlyForDeploymentPostprocessing = 0;
		};
/* End PBXResourcesBuildPhase section */

/* Begin PBXShellScriptBuildPhase section */
		142762018D098F05ABCA8BDC /* [CP] Check Pods Manifest.lock */ = {
			isa = PBXShellScriptBuildPhase;
			buildActionMask = 2147483647;
			files = (
			);
			inputPaths = (
				"${PODS_PODFILE_DIR_PATH}/Podfile.lock",
				"${PODS_ROOT}/Manifest.lock",
			);
			name = "[CP] Check Pods Manifest.lock";
			outputPaths = (
				"$(DERIVED_FILE_DIR)/Pods-CheersUITests-checkManifestLockResult.txt",
			);
			runOnlyForDeploymentPostprocessing = 0;
			shellPath = /bin/sh;
			shellScript = "diff \"${PODS_PODFILE_DIR_PATH}/Podfile.lock\" \"${PODS_ROOT}/Manifest.lock\" > /dev/null\nif [ $? != 0 ] ; then\n    # print error to STDERR\n    echo \"error: The sandbox is not in sync with the Podfile.lock. Run 'pod install' or update your CocoaPods installation.\" >&2\n    exit 1\nfi\n# This output is used by Xcode 'outputs' to avoid re-running this script phase.\necho \"SUCCESS\" > \"${SCRIPT_OUTPUT_FILE_0}\"\n";
			showEnvVarsInLog = 0;
		};
		393EFF8B4382076B8B7667C4 /* [CP] Embed Pods Frameworks */ = {
			isa = PBXShellScriptBuildPhase;
			buildActionMask = 2147483647;
			files = (
			);
			inputPaths = (
				"${SRCROOT}/Pods/Target Support Files/Pods-Cheers/Pods-Cheers-frameworks.sh",
				"${BUILT_PRODUCTS_DIR}/Alamofire/Alamofire.framework",
				"${BUILT_PRODUCTS_DIR}/ChameleonFramework/ChameleonFramework.framework",
				"${BUILT_PRODUCTS_DIR}/GoogleToolboxForMac/GoogleToolboxForMac.framework",
				"${BUILT_PRODUCTS_DIR}/Kingfisher/Kingfisher.framework",
				"${BUILT_PRODUCTS_DIR}/MapViewPlus/MapViewPlus.framework",
				"${BUILT_PRODUCTS_DIR}/SVProgressHUD/SVProgressHUD.framework",
				"${BUILT_PRODUCTS_DIR}/SwiftDate/SwiftDate.framework",
				"${BUILT_PRODUCTS_DIR}/SwiftyJSON/SwiftyJSON.framework",
				"${BUILT_PRODUCTS_DIR}/leveldb-library/leveldb.framework",
				"${BUILT_PRODUCTS_DIR}/nanopb/nanopb.framework",
			);
			name = "[CP] Embed Pods Frameworks";
			outputPaths = (
				"${TARGET_BUILD_DIR}/${FRAMEWORKS_FOLDER_PATH}/Alamofire.framework",
				"${TARGET_BUILD_DIR}/${FRAMEWORKS_FOLDER_PATH}/ChameleonFramework.framework",
				"${TARGET_BUILD_DIR}/${FRAMEWORKS_FOLDER_PATH}/GoogleToolboxForMac.framework",
				"${TARGET_BUILD_DIR}/${FRAMEWORKS_FOLDER_PATH}/Kingfisher.framework",
				"${TARGET_BUILD_DIR}/${FRAMEWORKS_FOLDER_PATH}/MapViewPlus.framework",
				"${TARGET_BUILD_DIR}/${FRAMEWORKS_FOLDER_PATH}/SVProgressHUD.framework",
				"${TARGET_BUILD_DIR}/${FRAMEWORKS_FOLDER_PATH}/SwiftDate.framework",
				"${TARGET_BUILD_DIR}/${FRAMEWORKS_FOLDER_PATH}/SwiftyJSON.framework",
				"${TARGET_BUILD_DIR}/${FRAMEWORKS_FOLDER_PATH}/leveldb.framework",
				"${TARGET_BUILD_DIR}/${FRAMEWORKS_FOLDER_PATH}/nanopb.framework",
			);
			runOnlyForDeploymentPostprocessing = 0;
			shellPath = /bin/sh;
			shellScript = "\"${SRCROOT}/Pods/Target Support Files/Pods-Cheers/Pods-Cheers-frameworks.sh\"\n";
			showEnvVarsInLog = 0;
		};
		63DAC77483E645ABDBC74A48 /* [CP] Check Pods Manifest.lock */ = {
			isa = PBXShellScriptBuildPhase;
			buildActionMask = 2147483647;
			files = (
			);
			inputPaths = (
				"${PODS_PODFILE_DIR_PATH}/Podfile.lock",
				"${PODS_ROOT}/Manifest.lock",
			);
			name = "[CP] Check Pods Manifest.lock";
			outputPaths = (
				"$(DERIVED_FILE_DIR)/Pods-Cheers-checkManifestLockResult.txt",
			);
			runOnlyForDeploymentPostprocessing = 0;
			shellPath = /bin/sh;
			shellScript = "diff \"${PODS_PODFILE_DIR_PATH}/Podfile.lock\" \"${PODS_ROOT}/Manifest.lock\" > /dev/null\nif [ $? != 0 ] ; then\n    # print error to STDERR\n    echo \"error: The sandbox is not in sync with the Podfile.lock. Run 'pod install' or update your CocoaPods installation.\" >&2\n    exit 1\nfi\n# This output is used by Xcode 'outputs' to avoid re-running this script phase.\necho \"SUCCESS\" > \"${SCRIPT_OUTPUT_FILE_0}\"\n";
			showEnvVarsInLog = 0;
		};
		BE0E6E5A2063492800330712 /* ShellScript */ = {
			isa = PBXShellScriptBuildPhase;
			buildActionMask = 2147483647;
			files = (
			);
			inputPaths = (
			);
			outputPaths = (
			);
			runOnlyForDeploymentPostprocessing = 0;
			shellPath = /bin/sh;
			shellScript = "TAGS=\"TODO:|FIXME:|DEBUG:\"\necho \"searching ${SRCROOT} for ${TAGS}\"\nfind \"${SRCROOT}\" \\( -name \"*.swift\" \\) -print0 | xargs -0 egrep --with-filename --line-number --only-matching \"($TAGS).*\\$\" | perl -p -e \"s/($TAGS)/ warning: \\$1/\"";
		};
		C95E93F5C6B97D7BFDA081ED /* [CP] Check Pods Manifest.lock */ = {
			isa = PBXShellScriptBuildPhase;
			buildActionMask = 2147483647;
			files = (
			);
			inputPaths = (
				"${PODS_PODFILE_DIR_PATH}/Podfile.lock",
				"${PODS_ROOT}/Manifest.lock",
			);
			name = "[CP] Check Pods Manifest.lock";
			outputPaths = (
				"$(DERIVED_FILE_DIR)/Pods-CheersTests-checkManifestLockResult.txt",
			);
			runOnlyForDeploymentPostprocessing = 0;
			shellPath = /bin/sh;
			shellScript = "diff \"${PODS_PODFILE_DIR_PATH}/Podfile.lock\" \"${PODS_ROOT}/Manifest.lock\" > /dev/null\nif [ $? != 0 ] ; then\n    # print error to STDERR\n    echo \"error: The sandbox is not in sync with the Podfile.lock. Run 'pod install' or update your CocoaPods installation.\" >&2\n    exit 1\nfi\n# This output is used by Xcode 'outputs' to avoid re-running this script phase.\necho \"SUCCESS\" > \"${SCRIPT_OUTPUT_FILE_0}\"\n";
			showEnvVarsInLog = 0;
		};
/* End PBXShellScriptBuildPhase section */

/* Begin PBXSourcesBuildPhase section */
		BEA1B459204F34AF00136463 /* Sources */ = {
			isa = PBXSourcesBuildPhase;
			buildActionMask = 2147483647;
			files = (
				BEA1B465204F34AF00136463 /* MapViewController.swift in Sources */,
				BEA1B461204F34AF00136463 /* AppDelegate.swift in Sources */,
				72D45BDF2084024200E06918 /* FilterSettingsSingleton.swift in Sources */,
				B1FF31152072DE84001DF2DF /* ImageLoader.swift in Sources */,
				B1FFE6AD205B6F7200531FDB /* Neighborhoods.swift in Sources */,
				B1FFE6AF205B717E00531FDB /* DatabaseController.swift in Sources */,
				339A224C205081CE00C099FA /* FavoritesViewController.swift in Sources */,
				B15ACF5D208197320052C4CB /* FilterMenu.swift in Sources */,
				BEC473AD20510B7C00FC5702 /* Place.swift in Sources */,
				BEF309A62061AA3200022098 /* BarType.swift in Sources */,
				BEADB55F2075DB5800E107B7 /* ColorsSingleton.swift in Sources */,
				B1C20A5F2051E9ED00ECB998 /* BarTableViewCell.swift in Sources */,
				BEF4A5DC2075C78300D7BCE5 /* PlaceMapAnnotationView.swift in Sources */,
				BEF309A82061BA0D00022098 /* DatabaseRecord.swift in Sources */,
				339A224E205081DD00C099FA /* SettingsViewController.swift in Sources */,
				BEA1B463204F34AF00136463 /* ListViewController.swift in Sources */,
				666ABDC12058CD8400A1C447 /* SelectedBarViewController.swift in Sources */,
				BE8EF5B1207539BF0088F098 /* SharedListsSingleton.swift in Sources */,
				BEF4A5D82075C44900D7BCE5 /* PlaceMapAnnotationViewModel.swift in Sources */,
				B15ACF632081A9C90052C4CB /* FilterOptionCell.swift in Sources */,
				B1FF310F20720A33001DF2DF /* UserLocations.swift in Sources */,
			);
			runOnlyForDeploymentPostprocessing = 0;
		};
		BEA1B46F204F34AF00136463 /* Sources */ = {
			isa = PBXSourcesBuildPhase;
			buildActionMask = 2147483647;
			files = (
				BEA1B478204F34B000136463 /* CheersTests.swift in Sources */,
			);
			runOnlyForDeploymentPostprocessing = 0;
		};
		BEA1B47A204F34B000136463 /* Sources */ = {
			isa = PBXSourcesBuildPhase;
			buildActionMask = 2147483647;
			files = (
				BEA1B483204F34B000136463 /* CheersUITests.swift in Sources */,
			);
			runOnlyForDeploymentPostprocessing = 0;
		};
/* End PBXSourcesBuildPhase section */

/* Begin PBXTargetDependency section */
		BEA1B475204F34AF00136463 /* PBXTargetDependency */ = {
			isa = PBXTargetDependency;
			target = BEA1B45C204F34AF00136463 /* Cheers */;
			targetProxy = BEA1B474204F34AF00136463 /* PBXContainerItemProxy */;
		};
		BEA1B480204F34B000136463 /* PBXTargetDependency */ = {
			isa = PBXTargetDependency;
			target = BEA1B45C204F34AF00136463 /* Cheers */;
			targetProxy = BEA1B47F204F34B000136463 /* PBXContainerItemProxy */;
		};
/* End PBXTargetDependency section */

/* Begin PBXVariantGroup section */
		BEA1B466204F34AF00136463 /* Main.storyboard */ = {
			isa = PBXVariantGroup;
			children = (
				BEA1B467204F34AF00136463 /* Base */,
			);
			name = Main.storyboard;
			sourceTree = "<group>";
		};
		BEA1B46B204F34AF00136463 /* LaunchScreen.storyboard */ = {
			isa = PBXVariantGroup;
			children = (
				BEA1B46C204F34AF00136463 /* Base */,
			);
			name = LaunchScreen.storyboard;
			sourceTree = "<group>";
		};
/* End PBXVariantGroup section */

/* Begin XCBuildConfiguration section */
		BEA1B485204F34B000136463 /* Debug */ = {
			isa = XCBuildConfiguration;
			buildSettings = {
				ALWAYS_SEARCH_USER_PATHS = NO;
				CLANG_ANALYZER_NONNULL = YES;
				CLANG_ANALYZER_NUMBER_OBJECT_CONVERSION = YES_AGGRESSIVE;
				CLANG_CXX_LANGUAGE_STANDARD = "gnu++14";
				CLANG_CXX_LIBRARY = "libc++";
				CLANG_ENABLE_MODULES = YES;
				CLANG_ENABLE_OBJC_ARC = YES;
				CLANG_WARN_BLOCK_CAPTURE_AUTORELEASING = YES;
				CLANG_WARN_BOOL_CONVERSION = YES;
				CLANG_WARN_COMMA = YES;
				CLANG_WARN_CONSTANT_CONVERSION = YES;
				CLANG_WARN_DIRECT_OBJC_ISA_USAGE = YES_ERROR;
				CLANG_WARN_DOCUMENTATION_COMMENTS = YES;
				CLANG_WARN_EMPTY_BODY = YES;
				CLANG_WARN_ENUM_CONVERSION = YES;
				CLANG_WARN_INFINITE_RECURSION = YES;
				CLANG_WARN_INT_CONVERSION = YES;
				CLANG_WARN_NON_LITERAL_NULL_CONVERSION = YES;
				CLANG_WARN_OBJC_LITERAL_CONVERSION = YES;
				CLANG_WARN_OBJC_ROOT_CLASS = YES_ERROR;
				CLANG_WARN_RANGE_LOOP_ANALYSIS = YES;
				CLANG_WARN_STRICT_PROTOTYPES = YES;
				CLANG_WARN_SUSPICIOUS_MOVE = YES;
				CLANG_WARN_UNGUARDED_AVAILABILITY = YES_AGGRESSIVE;
				CLANG_WARN_UNREACHABLE_CODE = YES;
				CLANG_WARN__DUPLICATE_METHOD_MATCH = YES;
				CODE_SIGN_IDENTITY = "iPhone Developer";
				COPY_PHASE_STRIP = NO;
				DEBUG_INFORMATION_FORMAT = dwarf;
				ENABLE_STRICT_OBJC_MSGSEND = YES;
				ENABLE_TESTABILITY = YES;
				GCC_C_LANGUAGE_STANDARD = gnu11;
				GCC_DYNAMIC_NO_PIC = NO;
				GCC_NO_COMMON_BLOCKS = YES;
				GCC_OPTIMIZATION_LEVEL = 0;
				GCC_PREPROCESSOR_DEFINITIONS = (
					"DEBUG=1",
					"$(inherited)",
				);
				GCC_WARN_64_TO_32_BIT_CONVERSION = YES;
				GCC_WARN_ABOUT_RETURN_TYPE = YES_ERROR;
				GCC_WARN_UNDECLARED_SELECTOR = YES;
				GCC_WARN_UNINITIALIZED_AUTOS = YES_AGGRESSIVE;
				GCC_WARN_UNUSED_FUNCTION = YES;
				GCC_WARN_UNUSED_VARIABLE = YES;
				IPHONEOS_DEPLOYMENT_TARGET = 11.2;
				MTL_ENABLE_DEBUG_INFO = YES;
				ONLY_ACTIVE_ARCH = YES;
				SDKROOT = iphoneos;
				SWIFT_ACTIVE_COMPILATION_CONDITIONS = DEBUG;
				SWIFT_OPTIMIZATION_LEVEL = "-Onone";
			};
			name = Debug;
		};
		BEA1B486204F34B000136463 /* Release */ = {
			isa = XCBuildConfiguration;
			buildSettings = {
				ALWAYS_SEARCH_USER_PATHS = NO;
				CLANG_ANALYZER_NONNULL = YES;
				CLANG_ANALYZER_NUMBER_OBJECT_CONVERSION = YES_AGGRESSIVE;
				CLANG_CXX_LANGUAGE_STANDARD = "gnu++14";
				CLANG_CXX_LIBRARY = "libc++";
				CLANG_ENABLE_MODULES = YES;
				CLANG_ENABLE_OBJC_ARC = YES;
				CLANG_WARN_BLOCK_CAPTURE_AUTORELEASING = YES;
				CLANG_WARN_BOOL_CONVERSION = YES;
				CLANG_WARN_COMMA = YES;
				CLANG_WARN_CONSTANT_CONVERSION = YES;
				CLANG_WARN_DIRECT_OBJC_ISA_USAGE = YES_ERROR;
				CLANG_WARN_DOCUMENTATION_COMMENTS = YES;
				CLANG_WARN_EMPTY_BODY = YES;
				CLANG_WARN_ENUM_CONVERSION = YES;
				CLANG_WARN_INFINITE_RECURSION = YES;
				CLANG_WARN_INT_CONVERSION = YES;
				CLANG_WARN_NON_LITERAL_NULL_CONVERSION = YES;
				CLANG_WARN_OBJC_LITERAL_CONVERSION = YES;
				CLANG_WARN_OBJC_ROOT_CLASS = YES_ERROR;
				CLANG_WARN_RANGE_LOOP_ANALYSIS = YES;
				CLANG_WARN_STRICT_PROTOTYPES = YES;
				CLANG_WARN_SUSPICIOUS_MOVE = YES;
				CLANG_WARN_UNGUARDED_AVAILABILITY = YES_AGGRESSIVE;
				CLANG_WARN_UNREACHABLE_CODE = YES;
				CLANG_WARN__DUPLICATE_METHOD_MATCH = YES;
				CODE_SIGN_IDENTITY = "iPhone Developer";
				COPY_PHASE_STRIP = NO;
				DEBUG_INFORMATION_FORMAT = "dwarf-with-dsym";
				ENABLE_NS_ASSERTIONS = NO;
				ENABLE_STRICT_OBJC_MSGSEND = YES;
				GCC_C_LANGUAGE_STANDARD = gnu11;
				GCC_NO_COMMON_BLOCKS = YES;
				GCC_WARN_64_TO_32_BIT_CONVERSION = YES;
				GCC_WARN_ABOUT_RETURN_TYPE = YES_ERROR;
				GCC_WARN_UNDECLARED_SELECTOR = YES;
				GCC_WARN_UNINITIALIZED_AUTOS = YES_AGGRESSIVE;
				GCC_WARN_UNUSED_FUNCTION = YES;
				GCC_WARN_UNUSED_VARIABLE = YES;
				IPHONEOS_DEPLOYMENT_TARGET = 11.2;
				MTL_ENABLE_DEBUG_INFO = NO;
				SDKROOT = iphoneos;
				SWIFT_OPTIMIZATION_LEVEL = "-Owholemodule";
				VALIDATE_PRODUCT = YES;
			};
			name = Release;
		};
		BEA1B488204F34B000136463 /* Debug */ = {
			isa = XCBuildConfiguration;
			baseConfigurationReference = 1415AA8AD312D852EA849603 /* Pods-Cheers.debug.xcconfig */;
			buildSettings = {
				ASSETCATALOG_COMPILER_APPICON_NAME = AppIcon;
				"CODE_SIGN_IDENTITY[sdk=iphoneos*]" = "iPhone Developer";
				CODE_SIGN_STYLE = Automatic;
				DEVELOPMENT_TEAM = NKB7H7KVZ8;
				INFOPLIST_FILE = Cheers/Info.plist;
				LD_RUNPATH_SEARCH_PATHS = "$(inherited) @executable_path/Frameworks";
				PRODUCT_BUNDLE_IDENTIFIER = edu.sandiego.comp495.Cheers;
				PRODUCT_NAME = "$(TARGET_NAME)";
				PROVISIONING_PROFILE_SPECIFIER = "";
				SWIFT_VERSION = 4.0;
				TARGETED_DEVICE_FAMILY = "1,2";
			};
			name = Debug;
		};
		BEA1B489204F34B000136463 /* Release */ = {
			isa = XCBuildConfiguration;
			baseConfigurationReference = 81FDF68A309F93D49B4568F8 /* Pods-Cheers.release.xcconfig */;
			buildSettings = {
				ASSETCATALOG_COMPILER_APPICON_NAME = AppIcon;
				"CODE_SIGN_IDENTITY[sdk=iphoneos*]" = "iPhone Developer";
				CODE_SIGN_STYLE = Automatic;
				DEVELOPMENT_TEAM = NKB7H7KVZ8;
				INFOPLIST_FILE = Cheers/Info.plist;
				LD_RUNPATH_SEARCH_PATHS = "$(inherited) @executable_path/Frameworks";
				PRODUCT_BUNDLE_IDENTIFIER = edu.sandiego.comp495.Cheers;
				PRODUCT_NAME = "$(TARGET_NAME)";
				PROVISIONING_PROFILE_SPECIFIER = "";
				SWIFT_VERSION = 4.0;
				TARGETED_DEVICE_FAMILY = "1,2";
			};
			name = Release;
		};
		BEA1B48B204F34B000136463 /* Debug */ = {
			isa = XCBuildConfiguration;
			baseConfigurationReference = 1DEF0424F9094255F5B5B799 /* Pods-CheersTests.debug.xcconfig */;
			buildSettings = {
				ALWAYS_EMBED_SWIFT_STANDARD_LIBRARIES = YES;
				BUNDLE_LOADER = "$(TEST_HOST)";
				CODE_SIGN_STYLE = Automatic;
				DEVELOPMENT_TEAM = E255S56V67;
				INFOPLIST_FILE = CheersTests/Info.plist;
				LD_RUNPATH_SEARCH_PATHS = "$(inherited) @executable_path/Frameworks @loader_path/Frameworks";
				PRODUCT_BUNDLE_IDENTIFIER = edu.sandiego.comp495.CheersTests;
				PRODUCT_NAME = "$(TARGET_NAME)";
				SWIFT_VERSION = 4.0;
				TARGETED_DEVICE_FAMILY = "1,2";
				TEST_HOST = "$(BUILT_PRODUCTS_DIR)/Cheers.app/Cheers";
			};
			name = Debug;
		};
		BEA1B48C204F34B000136463 /* Release */ = {
			isa = XCBuildConfiguration;
			baseConfigurationReference = 3FFE80B91BF7B44C17B2D247 /* Pods-CheersTests.release.xcconfig */;
			buildSettings = {
				ALWAYS_EMBED_SWIFT_STANDARD_LIBRARIES = YES;
				BUNDLE_LOADER = "$(TEST_HOST)";
				CODE_SIGN_STYLE = Automatic;
				DEVELOPMENT_TEAM = E255S56V67;
				INFOPLIST_FILE = CheersTests/Info.plist;
				LD_RUNPATH_SEARCH_PATHS = "$(inherited) @executable_path/Frameworks @loader_path/Frameworks";
				PRODUCT_BUNDLE_IDENTIFIER = edu.sandiego.comp495.CheersTests;
				PRODUCT_NAME = "$(TARGET_NAME)";
				SWIFT_VERSION = 4.0;
				TARGETED_DEVICE_FAMILY = "1,2";
				TEST_HOST = "$(BUILT_PRODUCTS_DIR)/Cheers.app/Cheers";
			};
			name = Release;
		};
		BEA1B48E204F34B000136463 /* Debug */ = {
			isa = XCBuildConfiguration;
			baseConfigurationReference = 2010BDD9FF669BDD3D11AC9E /* Pods-CheersUITests.debug.xcconfig */;
			buildSettings = {
				ALWAYS_EMBED_SWIFT_STANDARD_LIBRARIES = YES;
				CODE_SIGN_STYLE = Automatic;
				DEVELOPMENT_TEAM = E255S56V67;
				INFOPLIST_FILE = CheersUITests/Info.plist;
				LD_RUNPATH_SEARCH_PATHS = "$(inherited) @executable_path/Frameworks @loader_path/Frameworks";
				PRODUCT_BUNDLE_IDENTIFIER = edu.sandiego.comp495.CheersUITests;
				PRODUCT_NAME = "$(TARGET_NAME)";
				SWIFT_VERSION = 4.0;
				TARGETED_DEVICE_FAMILY = "1,2";
				TEST_TARGET_NAME = Cheers;
			};
			name = Debug;
		};
		BEA1B48F204F34B000136463 /* Release */ = {
			isa = XCBuildConfiguration;
			baseConfigurationReference = 972A4A435F45ED4976ED9E9E /* Pods-CheersUITests.release.xcconfig */;
			buildSettings = {
				ALWAYS_EMBED_SWIFT_STANDARD_LIBRARIES = YES;
				CODE_SIGN_STYLE = Automatic;
				DEVELOPMENT_TEAM = E255S56V67;
				INFOPLIST_FILE = CheersUITests/Info.plist;
				LD_RUNPATH_SEARCH_PATHS = "$(inherited) @executable_path/Frameworks @loader_path/Frameworks";
				PRODUCT_BUNDLE_IDENTIFIER = edu.sandiego.comp495.CheersUITests;
				PRODUCT_NAME = "$(TARGET_NAME)";
				SWIFT_VERSION = 4.0;
				TARGETED_DEVICE_FAMILY = "1,2";
				TEST_TARGET_NAME = Cheers;
			};
			name = Release;
		};
/* End XCBuildConfiguration section */

/* Begin XCConfigurationList section */
		BEA1B458204F34AF00136463 /* Build configuration list for PBXProject "Cheers" */ = {
			isa = XCConfigurationList;
			buildConfigurations = (
				BEA1B485204F34B000136463 /* Debug */,
				BEA1B486204F34B000136463 /* Release */,
			);
			defaultConfigurationIsVisible = 0;
			defaultConfigurationName = Release;
		};
		BEA1B487204F34B000136463 /* Build configuration list for PBXNativeTarget "Cheers" */ = {
			isa = XCConfigurationList;
			buildConfigurations = (
				BEA1B488204F34B000136463 /* Debug */,
				BEA1B489204F34B000136463 /* Release */,
			);
			defaultConfigurationIsVisible = 0;
			defaultConfigurationName = Release;
		};
		BEA1B48A204F34B000136463 /* Build configuration list for PBXNativeTarget "CheersTests" */ = {
			isa = XCConfigurationList;
			buildConfigurations = (
				BEA1B48B204F34B000136463 /* Debug */,
				BEA1B48C204F34B000136463 /* Release */,
			);
			defaultConfigurationIsVisible = 0;
			defaultConfigurationName = Release;
		};
		BEA1B48D204F34B000136463 /* Build configuration list for PBXNativeTarget "CheersUITests" */ = {
			isa = XCConfigurationList;
			buildConfigurations = (
				BEA1B48E204F34B000136463 /* Debug */,
				BEA1B48F204F34B000136463 /* Release */,
			);
			defaultConfigurationIsVisible = 0;
			defaultConfigurationName = Release;
		};
/* End XCConfigurationList section */
	};
	rootObject = BEA1B455204F34AF00136463 /* Project object */;
}
